
Microsoft Visual Studio Solution File, Format Version 12.00
# Visual Studio Version 17
VisualStudioVersion = 17.14.36202.13
MinimumVisualStudioVersion = 10.0.40219.1
Project("{FAE04EC0-301F-11D3-BF4B-00C04F79EFBC}") = "Core", "ConsoleApp1\Core.csproj", "{69EB70AC-1B79-4D81-A921-2ED86E50C917}"
EndProject
Project("{FAE04EC0-301F-11D3-BF4B-00C04F79EFBC}") = "WinForms", "WinForms\WinForms.csproj", "{0B308E4F-B619-4A5E-9147-BC0B0AAC6B6E}"
EndProject
Global
	GlobalSection(SolutionConfigurationPlatforms) = preSolution
		Debug|Any CPU = Debug|Any CPU
		Release|Any CPU = Release|Any CPU
	EndGlobalSection
	GlobalSection(ProjectConfigurationPlatforms) = postSolution
		{69EB70AC-1B79-4D81-A921-2ED86E50C917}.Debug|Any CPU.ActiveCfg = Debug|Any CPU
		{69EB70AC-1B79-4D81-A921-2ED86E50C917}.Debug|Any CPU.Build.0 = Debug|Any CPU
		{69EB70AC-1B79-4D81-A921-2ED86E50C917}.Release|Any CPU.ActiveCfg = Release|Any CPU
		{69EB70AC-1B79-4D81-A921-2ED86E50C917}.Release|Any CPU.Build.0 = Release|Any CPU
		{0B308E4F-B619-4A5E-9147-BC0B0AAC6B6E}.Debug|Any CPU.ActiveCfg = Debug|Any CPU
		{0B308E4F-B619-4A5E-9147-BC0B0AAC6B6E}.Debug|Any CPU.Build.0 = Debug|Any CPU
		{0B308E4F-B619-4A5E-9147-BC0B0AAC6B6E}.Release|Any CPU.ActiveCfg = Release|Any CPU
		{0B308E4F-B619-4A5E-9147-BC0B0AAC6B6E}.Release|Any CPU.Build.0 = Release|Any CPU
	EndGlobalSection
	GlobalSection(SolutionProperties) = preSolution
		HideSolutionNode = FALSE
	EndGlobalSection
	GlobalSection(ExtensibilityGlobals) = postSolution
		SolutionGuid = {30D494A6-683D-4721-B085-34A14685FD63}
	EndGlobalSection
EndGlobal
